{
  "nodes": {
    "nixpkgs": {
      "locked": {
        "lastModified": 1761220118,
        "narHash": "sha256-4eDvehW2UAIBdXSq7EZ1esF5HmjjFXqxOnnVq+l10bo=",
        "owner": "NixOS",
        "repo": "nixpkgs",
        "rev": "6ebd17550c1323650ef2f80d80dd1e0d633d57b9",
        "type": "github"
      },
      "original": {
        "owner": "NixOS",
        "repo": "nixpkgs",
        "rev": "6ebd17550c1323650ef2f80d80dd1e0d633d57b9",
        "type": "github"
      }
    },
    "root": {
      "inputs": {
        "nixpkgs": "nixpkgs"
      }
    }
  },
  "root": "root",
  "version": 7
}
