{
  "nodes": {
    "nixpkgs": {
      "locked": {
        "lastModified": 1759949451,
        "narHash": "sha256-Uh+elotPONpfwZud81J7QF/CmSlD47TYIYxQZOSupEM=",
        "owner": "NixOS",
        "repo": "nixpkgs",
        "rev": "c8996fc1e6ef04c4049136c0363a8a4243f37c32",
        "type": "github"
      },
      "original": {
        "owner": "NixOS",
        "repo": "nixpkgs",
        "rev": "c8996fc1e6ef04c4049136c0363a8a4243f37c32",
        "type": "github"
      }
    },
    "root": {
      "inputs": {
        "nixpkgs": "nixpkgs"
      }
    }
  },
  "root": "root",
  "version": 7
}
